
Microsoft Visual Studio Solution File, Format Version 12.00
# Visual Studio 15
VisualStudioVersion = 15.0.27703.2042
MinimumVisualStudioVersion = 10.0.40219.1
Project("{8BC9CEB8-8B4A-11D0-8D11-00A0C91BC942}") = "fmsyc", "fmsyc.vcxproj", "{A99DEA29-AF53-463E-A945-7CD819743BFB}"
EndProject
Global
	GlobalSection(SolutionConfigurationPlatforms) = preSolution
		Debug|x64 = Debug|x64
		Debug|x86 = Debug|x86
		Release|x64 = Release|x64
		Release|x86 = Release|x86
	EndGlobalSection
	GlobalSection(ProjectConfigurationPlatforms) = postSolution
		{A99DEA29-AF53-463E-A945-7CD819743BFB}.Debug|x64.ActiveCfg = Debug|x64
		{A99DEA29-AF53-463E-A945-7CD819743BFB}.Debug|x64.Build.0 = Debug|x64
		{A99DEA29-AF53-463E-A945-7CD819743BFB}.Debug|x86.ActiveCfg = Debug|Win32
		{A99DEA29-AF53-463E-A945-7CD819743BFB}.Debug|x86.Build.0 = Debug|Win32
		{A99DEA29-AF53-463E-A945-7CD819743BFB}.Release|x64.ActiveCfg = Release|x64
		{A99DEA29-AF53-463E-A945-7CD819743BFB}.Release|x64.Build.0 = Release|x64
		{A99DEA29-AF53-463E-A945-7CD819743BFB}.Release|x86.ActiveCfg = Release|Win32
		{A99DEA29-AF53-463E-A945-7CD819743BFB}.Release|x86.Build.0 = Release|Win32
	EndGlobalSection
	GlobalSection(SolutionProperties) = preSolution
		HideSolutionNode = FALSE
	EndGlobalSection
	GlobalSection(ExtensibilityGlobals) = postSolution
		SolutionGuid = {FC51841C-B6B9-4830-A232-8355B1106C82}
	EndGlobalSection
EndGlobal
